{
  "name": "scan-file",
  "version": "1.0.0",
  "lockfileVersion": 1,
  "requires": true,
  "dependencies": {
    "diskinfo": {
      "version": "0.0.3",
      "resolved": "https://registry.npmmirror.com/diskinfo/-/diskinfo-0.0.3.tgz",
      "integrity": "sha512-uZoeIGLsRWBWX+P1K14R/JDvCpo4kdUd6p2jVh09dzsNog005gSYLF6GXjSqPKo6Tl9qsw2f6auy8UUcC2y6yg=="
    }
  }
}
